{
  "name": "psychophysics",
  "version": "1.0.0",
  "lockfileVersion": 3,
  "requires": true,
  "packages": {
    "": {
      "name": "psychophysics",
      "version": "1.0.0",
      "license": "ISC",
      "dependencies": {
        "jsquest-plus": "^2.1.0"
      }
    },
    "node_modules/jsquest-plus": {
      "version": "2.1.0",
      "resolved": "https://registry.npmjs.org/jsquest-plus/-/jsquest-plus-2.1.0.tgz",
      "integrity": "sha512-r0I5OlIoFS8kjtZA8C857kUiYfO5aXGt1Bxlw2JXNxSP3Be5lq2k1hGEHeeEgSABhAm6mdoWtcAG9hiYpFqCdA==",
      "license": "MIT",
      "dependencies": {
        "numeric_es6": "github:tpronk/numeric"
      }
    },
    "node_modules/numeric_es6": {
      "version": "1.2.6",
      "resolved": "git+ssh://git@github.com/tpronk/numeric.git#c957fa2f5ca3988f084f009dd016475b149bec79"
    }
  }
}
